// !$*UTF8*$!
{
	archiveVersion = 1;
	classes = {
	};
	objectVersion = 46;
	objects = {

/* Begin PBXBuildFile section */
		22A0F49A1E0D0BA400DD2F2D /* AppDelegate.swift in Sources */ = {isa = PBXBuildFile; fileRef = 22A0F4991E0D0BA400DD2F2D /* AppDelegate.swift */; };
		22A0F4A11E0D0BA400DD2F2D /* Main.storyboard in Resources */ = {isa = PBXBuildFile; fileRef = 22A0F49F1E0D0BA400DD2F2D /* Main.storyboard */; };
		22A0F4A31E0D0BA400DD2F2D /* Assets.xcassets in Resources */ = {isa = PBXBuildFile; fileRef = 22A0F4A21E0D0BA400DD2F2D /* Assets.xcassets */; };
		22A0F4A61E0D0BA400DD2F2D /* LaunchScreen.storyboard in Resources */ = {isa = PBXBuildFile; fileRef = 22A0F4A41E0D0BA400DD2F2D /* LaunchScreen.storyboard */; };
		22A0F4B11E0D0BA500DD2F2D /* CorpsPicksTests.swift in Sources */ = {isa = PBXBuildFile; fileRef = 22A0F4B01E0D0BA500DD2F2D /* CorpsPicksTests.swift */; };
		22A0F4BC1E0D0BA500DD2F2D /* CorpsPicksUITests.swift in Sources */ = {isa = PBXBuildFile; fileRef = 22A0F4BB1E0D0BA500DD2F2D /* CorpsPicksUITests.swift */; };
		22A0F4D21E0D177400DD2F2D /* Corps.swift in Sources */ = {isa = PBXBuildFile; fileRef = 22A0F4D11E0D177400DD2F2D /* Corps.swift */; };
		22A0F4D31E0D177400DD2F2D /* Corps.swift in Sources */ = {isa = PBXBuildFile; fileRef = 22A0F4D11E0D177400DD2F2D /* Corps.swift */; };
		22A0F4D51E0D17F400DD2F2D /* Lineup.swift in Sources */ = {isa = PBXBuildFile; fileRef = 22A0F4D41E0D17F400DD2F2D /* Lineup.swift */; };
		22A0F4D61E0D17F400DD2F2D /* Lineup.swift in Sources */ = {isa = PBXBuildFile; fileRef = 22A0F4D41E0D17F400DD2F2D /* Lineup.swift */; };
		22A0F4D81E0D1A5F00DD2F2D /* User.swift in Sources */ = {isa = PBXBuildFile; fileRef = 22A0F4D71E0D1A5F00DD2F2D /* User.swift */; };
		22A0F4D91E0D1A5F00DD2F2D /* User.swift in Sources */ = {isa = PBXBuildFile; fileRef = 22A0F4D71E0D1A5F00DD2F2D /* User.swift */; };
		22A0F4E11E0D238F00DD2F2D /* ContestView.swift in Sources */ = {isa = PBXBuildFile; fileRef = 22A0F4E01E0D238F00DD2F2D /* ContestView.swift */; };
		22A0F4E21E0D238F00DD2F2D /* ContestView.swift in Sources */ = {isa = PBXBuildFile; fileRef = 22A0F4E01E0D238F00DD2F2D /* ContestView.swift */; };
		22A0F4E41E0D26A500DD2F2D /* ContestViewModel.swift in Sources */ = {isa = PBXBuildFile; fileRef = 22A0F4E31E0D26A500DD2F2D /* ContestViewModel.swift */; };
		22A0F4E51E0D26A500DD2F2D /* ContestViewModel.swift in Sources */ = {isa = PBXBuildFile; fileRef = 22A0F4E31E0D26A500DD2F2D /* ContestViewModel.swift */; };
		22A0F4E71E0D279C00DD2F2D /* CPViewModel.swift in Sources */ = {isa = PBXBuildFile; fileRef = 22A0F4E61E0D279C00DD2F2D /* CPViewModel.swift */; };
		22A0F4E81E0D279C00DD2F2D /* CPViewModel.swift in Sources */ = {isa = PBXBuildFile; fileRef = 22A0F4E61E0D279C00DD2F2D /* CPViewModel.swift */; };
		22A0F4EB1E0D2A5500DD2F2D /* ContestRow.swift in Sources */ = {isa = PBXBuildFile; fileRef = 22A0F4E91E0D2A5500DD2F2D /* ContestRow.swift */; };
		22A0F4EC1E0D2A5500DD2F2D /* ContestRow.swift in Sources */ = {isa = PBXBuildFile; fileRef = 22A0F4E91E0D2A5500DD2F2D /* ContestRow.swift */; };
		22A0F4ED1E0D2A5500DD2F2D /* ContestRow.xib in Resources */ = {isa = PBXBuildFile; fileRef = 22A0F4EA1E0D2A5500DD2F2D /* ContestRow.xib */; };
		22A0F4EE1E0D2A5500DD2F2D /* ContestRow.xib in Resources */ = {isa = PBXBuildFile; fileRef = 22A0F4EA1E0D2A5500DD2F2D /* ContestRow.xib */; };
		22A0F4F01E0D36D900DD2F2D /* Constants.swift in Sources */ = {isa = PBXBuildFile; fileRef = 22A0F4EF1E0D36D900DD2F2D /* Constants.swift */; };
		22A0F4F11E0D36D900DD2F2D /* Constants.swift in Sources */ = {isa = PBXBuildFile; fileRef = 22A0F4EF1E0D36D900DD2F2D /* Constants.swift */; };
		22FA69341E0E2986003CAFEF /* CPTopView.swift in Sources */ = {isa = PBXBuildFile; fileRef = 22FA69331E0E2986003CAFEF /* CPTopView.swift */; };
		22FA69371E0E36B8003CAFEF /* bd.jpg in Resources */ = {isa = PBXBuildFile; fileRef = 22FA69361E0E36B8003CAFEF /* bd.jpg */; };
		22FA693E1E11BEB1003CAFEF /* crown.jpeg in Resources */ = {isa = PBXBuildFile; fileRef = 22FA69381E11BEB0003CAFEF /* crown.jpeg */; };
		22FA693F1E11BEB1003CAFEF /* crown2.jpg in Resources */ = {isa = PBXBuildFile; fileRef = 22FA69391E11BEB0003CAFEF /* crown2.jpg */; };
		22FA69401E11BEB1003CAFEF /* cavaliers.jpeg in Resources */ = {isa = PBXBuildFile; fileRef = 22FA693A1E11BEB0003CAFEF /* cavaliers.jpeg */; };
		22FA69411E11BEB1003CAFEF /* cadets.jpeg in Resources */ = {isa = PBXBuildFile; fileRef = 22FA693B1E11BEB0003CAFEF /* cadets.jpeg */; };
		22FA69421E11BEB1003CAFEF /* bluedevils.png in Resources */ = {isa = PBXBuildFile; fileRef = 22FA693C1E11BEB0003CAFEF /* bluedevils.png */; };
		22FA69431E11BEB1003CAFEF /* bluecoats.jpeg in Resources */ = {isa = PBXBuildFile; fileRef = 22FA693D1E11BEB0003CAFEF /* bluecoats.jpeg */; };
		22FA69471E133D24003CAFEF /* ExtUIImage.swift in Sources */ = {isa = PBXBuildFile; fileRef = 22FA69451E133D24003CAFEF /* ExtUIImage.swift */; };
		22FA69481E133D24003CAFEF /* ExtUIImageView.swift in Sources */ = {isa = PBXBuildFile; fileRef = 22FA69461E133D24003CAFEF /* ExtUIImageView.swift */; };
		22FA694A1E13C641003CAFEF /* ContestPick.swift in Sources */ = {isa = PBXBuildFile; fileRef = 22FA69491E13C641003CAFEF /* ContestPick.swift */; };
		22FA694C1E145C90003CAFEF /* Score.swift in Sources */ = {isa = PBXBuildFile; fileRef = 22FA694B1E145C90003CAFEF /* Score.swift */; };
		22FA694E1E145EA2003CAFEF /* CorpsScore.swift in Sources */ = {isa = PBXBuildFile; fileRef = 22FA694D1E145EA2003CAFEF /* CorpsScore.swift */; };
		55E50D1CED783C98FAD2CDB9 /* Pods_CorpsPicksTests.framework in Frameworks */ = {isa = PBXBuildFile; fileRef = 4F2628E076101F686E2A7E88 /* Pods_CorpsPicksTests.framework */; };
		81055D671E594F6600FF8DCD /* EventInterface.swift in Sources */ = {isa = PBXBuildFile; fileRef = 81055D661E594F6600FF8DCD /* EventInterface.swift */; };
		811B9B401E61042D0084E8AB /* CorpsInterface.swift in Sources */ = {isa = PBXBuildFile; fileRef = 811B9B3F1E61042D0084E8AB /* CorpsInterface.swift */; };
		811B9B421E614BF80084E8AB /* StartupService.swift in Sources */ = {isa = PBXBuildFile; fileRef = 811B9B411E614BF80084E8AB /* StartupService.swift */; };
		812F5BB01E5A23BF009B068C /* EventView.swift in Sources */ = {isa = PBXBuildFile; fileRef = 812F5BAF1E5A23BF009B068C /* EventView.swift */; };
		812F5BB21E5A255D009B068C /* EventViewModel.swift in Sources */ = {isa = PBXBuildFile; fileRef = 812F5BB11E5A255D009B068C /* EventViewModel.swift */; };
		812F5BB41E5A25E6009B068C /* Event.swift in Sources */ = {isa = PBXBuildFile; fileRef = 812F5BB31E5A25E6009B068C /* Event.swift */; };
		812F5BB71E5A29A6009B068C /* EventRow.xib in Resources */ = {isa = PBXBuildFile; fileRef = 812F5BB51E5A29A6009B068C /* EventRow.xib */; };
		812F5BB81E5A29A6009B068C /* EventRow.swift in Sources */ = {isa = PBXBuildFile; fileRef = 812F5BB61E5A29A6009B068C /* EventRow.swift */; };
		812F5BBA1E5A30B8009B068C /* CurrentStatus.swift in Sources */ = {isa = PBXBuildFile; fileRef = 812F5BB91E5A30B8009B068C /* CurrentStatus.swift */; };
		812F5BBE1E5A71A1009B068C /* ContestInterface.swift in Sources */ = {isa = PBXBuildFile; fileRef = 812F5BBD1E5A71A1009B068C /* ContestInterface.swift */; };
		819C11BB1E8CD86C003A2781 /* LeaderboardView.swift in Sources */ = {isa = PBXBuildFile; fileRef = 819C11BA1E8CD86C003A2781 /* LeaderboardView.swift */; };
		819C11BD1E8CDAC1003A2781 /* LeaderboardViewModel.swift in Sources */ = {isa = PBXBuildFile; fileRef = 819C11BC1E8CDAC1003A2781 /* LeaderboardViewModel.swift */; };
		81A493831E9B5C200010364A /* Leaderboard.swift in Sources */ = {isa = PBXBuildFile; fileRef = 81A493821E9B5C200010364A /* Leaderboard.swift */; };
		81A493861E9B5E4B0010364A /* LeaderboardRow.swift in Sources */ = {isa = PBXBuildFile; fileRef = 81A493841E9B5E4B0010364A /* LeaderboardRow.swift */; };
		81A493871E9B5E4B0010364A /* LeaderboardRow.xib in Resources */ = {isa = PBXBuildFile; fileRef = 81A493851E9B5E4B0010364A /* LeaderboardRow.xib */; };
		81A493891E9DC2D80010364A /* UserScore.swift in Sources */ = {isa = PBXBuildFile; fileRef = 81A493881E9DC2D80010364A /* UserScore.swift */; };
		81A4938B1E9DC36A0010364A /* LeaderboardInterface.swift in Sources */ = {isa = PBXBuildFile; fileRef = 81A4938A1E9DC36A0010364A /* LeaderboardInterface.swift */; };
		81F12B441EBD84FC00A1681E /* GoogleService-Info.plist in Resources */ = {isa = PBXBuildFile; fileRef = 81F12B431EBD84FC00A1681E /* GoogleService-Info.plist */; };
		81FBE9071E84D19E00A67A02 /* CurrentUser.swift in Sources */ = {isa = PBXBuildFile; fileRef = 81FBE9061E84D19E00A67A02 /* CurrentUser.swift */; };
		D3A5F3F6D48D9AEC78BBEFF2 /* Pods_CorpsPicks.framework in Frameworks */ = {isa = PBXBuildFile; fileRef = FA5321C5BAC1CD1D0A388782 /* Pods_CorpsPicks.framework */; };
/* End PBXBuildFile section */

/* Begin PBXContainerItemProxy section */
		22A0F4AD1E0D0BA400DD2F2D /* PBXContainerItemProxy */ = {
			isa = PBXContainerItemProxy;
			containerPortal = 22A0F48E1E0D0BA400DD2F2D /* Project object */;
			proxyType = 1;
			remoteGlobalIDString = 22A0F4951E0D0BA400DD2F2D;
			remoteInfo = CorpsPicks;
		};
		22A0F4B81E0D0BA500DD2F2D /* PBXContainerItemProxy */ = {
			isa = PBXContainerItemProxy;
			containerPortal = 22A0F48E1E0D0BA400DD2F2D /* Project object */;
			proxyType = 1;
			remoteGlobalIDString = 22A0F4951E0D0BA400DD2F2D;
			remoteInfo = CorpsPicks;
		};
/* End PBXContainerItemProxy section */

/* Begin PBXFileReference section */
		22A0F4961E0D0BA400DD2F2D /* CorpsPicks.app */ = {isa = PBXFileReference; explicitFileType = wrapper.application; includeInIndex = 0; path = CorpsPicks.app; sourceTree = BUILT_PRODUCTS_DIR; };
		22A0F4991E0D0BA400DD2F2D /* AppDelegate.swift */ = {isa = PBXFileReference; lastKnownFileType = sourcecode.swift; path = AppDelegate.swift; sourceTree = "<group>"; };
		22A0F4A01E0D0BA400DD2F2D /* Base */ = {isa = PBXFileReference; lastKnownFileType = file.storyboard; name = Base; path = Base.lproj/Main.storyboard; sourceTree = "<group>"; };
		22A0F4A21E0D0BA400DD2F2D /* Assets.xcassets */ = {isa = PBXFileReference; lastKnownFileType = folder.assetcatalog; path = Assets.xcassets; sourceTree = "<group>"; };
		22A0F4A51E0D0BA400DD2F2D /* Base */ = {isa = PBXFileReference; lastKnownFileType = file.storyboard; name = Base; path = Base.lproj/LaunchScreen.storyboard; sourceTree = "<group>"; };
		22A0F4A71E0D0BA400DD2F2D /* Info.plist */ = {isa = PBXFileReference; lastKnownFileType = text.plist.xml; path = Info.plist; sourceTree = "<group>"; };
		22A0F4AC1E0D0BA400DD2F2D /* CorpsPicksTests.xctest */ = {isa = PBXFileReference; explicitFileType = wrapper.cfbundle; includeInIndex = 0; path = CorpsPicksTests.xctest; sourceTree = BUILT_PRODUCTS_DIR; };
		22A0F4B01E0D0BA500DD2F2D /* CorpsPicksTests.swift */ = {isa = PBXFileReference; lastKnownFileType = sourcecode.swift; path = CorpsPicksTests.swift; sourceTree = "<group>"; };
		22A0F4B21E0D0BA500DD2F2D /* Info.plist */ = {isa = PBXFileReference; lastKnownFileType = text.plist.xml; path = Info.plist; sourceTree = "<group>"; };
		22A0F4B71E0D0BA500DD2F2D /* CorpsPicksUITests.xctest */ = {isa = PBXFileReference; explicitFileType = wrapper.cfbundle; includeInIndex = 0; path = CorpsPicksUITests.xctest; sourceTree = BUILT_PRODUCTS_DIR; };
		22A0F4BB1E0D0BA500DD2F2D /* CorpsPicksUITests.swift */ = {isa = PBXFileReference; lastKnownFileType = sourcecode.swift; path = CorpsPicksUITests.swift; sourceTree = "<group>"; };
		22A0F4BD1E0D0BA500DD2F2D /* Info.plist */ = {isa = PBXFileReference; lastKnownFileType = text.plist.xml; path = Info.plist; sourceTree = "<group>"; };
		22A0F4D11E0D177400DD2F2D /* Corps.swift */ = {isa = PBXFileReference; fileEncoding = 4; lastKnownFileType = sourcecode.swift; path = Corps.swift; sourceTree = "<group>"; };
		22A0F4D41E0D17F400DD2F2D /* Lineup.swift */ = {isa = PBXFileReference; fileEncoding = 4; lastKnownFileType = sourcecode.swift; path = Lineup.swift; sourceTree = "<group>"; };
		22A0F4D71E0D1A5F00DD2F2D /* User.swift */ = {isa = PBXFileReference; fileEncoding = 4; lastKnownFileType = sourcecode.swift; path = User.swift; sourceTree = "<group>"; };
		22A0F4E01E0D238F00DD2F2D /* ContestView.swift */ = {isa = PBXFileReference; fileEncoding = 4; lastKnownFileType = sourcecode.swift; path = ContestView.swift; sourceTree = "<group>"; };
		22A0F4E31E0D26A500DD2F2D /* ContestViewModel.swift */ = {isa = PBXFileReference; fileEncoding = 4; lastKnownFileType = sourcecode.swift; path = ContestViewModel.swift; sourceTree = "<group>"; };
		22A0F4E61E0D279C00DD2F2D /* CPViewModel.swift */ = {isa = PBXFileReference; fileEncoding = 4; lastKnownFileType = sourcecode.swift; path = CPViewModel.swift; sourceTree = "<group>"; };
		22A0F4E91E0D2A5500DD2F2D /* ContestRow.swift */ = {isa = PBXFileReference; fileEncoding = 4; lastKnownFileType = sourcecode.swift; path = ContestRow.swift; sourceTree = "<group>"; };
		22A0F4EA1E0D2A5500DD2F2D /* ContestRow.xib */ = {isa = PBXFileReference; fileEncoding = 4; lastKnownFileType = file.xib; path = ContestRow.xib; sourceTree = "<group>"; };
		22A0F4EF1E0D36D900DD2F2D /* Constants.swift */ = {isa = PBXFileReference; fileEncoding = 4; lastKnownFileType = sourcecode.swift; path = Constants.swift; sourceTree = "<group>"; };
		22FA69331E0E2986003CAFEF /* CPTopView.swift */ = {isa = PBXFileReference; fileEncoding = 4; lastKnownFileType = sourcecode.swift; path = CPTopView.swift; sourceTree = "<group>"; };
		22FA69361E0E36B8003CAFEF /* bd.jpg */ = {isa = PBXFileReference; lastKnownFileType = image.jpeg; name = bd.jpg; path = resources/images/bd.jpg; sourceTree = "<group>"; };
		22FA69381E11BEB0003CAFEF /* crown.jpeg */ = {isa = PBXFileReference; lastKnownFileType = image.jpeg; name = crown.jpeg; path = resources/images/crown.jpeg; sourceTree = "<group>"; };
		22FA69391E11BEB0003CAFEF /* crown2.jpg */ = {isa = PBXFileReference; lastKnownFileType = image.jpeg; name = crown2.jpg; path = resources/images/crown2.jpg; sourceTree = "<group>"; };
		22FA693A1E11BEB0003CAFEF /* cavaliers.jpeg */ = {isa = PBXFileReference; lastKnownFileType = image.jpeg; name = cavaliers.jpeg; path = resources/images/cavaliers.jpeg; sourceTree = "<group>"; };
		22FA693B1E11BEB0003CAFEF /* cadets.jpeg */ = {isa = PBXFileReference; lastKnownFileType = image.jpeg; name = cadets.jpeg; path = resources/images/cadets.jpeg; sourceTree = "<group>"; };
		22FA693C1E11BEB0003CAFEF /* bluedevils.png */ = {isa = PBXFileReference; lastKnownFileType = image.png; name = bluedevils.png; path = resources/images/bluedevils.png; sourceTree = "<group>"; };
		22FA693D1E11BEB0003CAFEF /* bluecoats.jpeg */ = {isa = PBXFileReference; lastKnownFileType = image.jpeg; name = bluecoats.jpeg; path = resources/images/bluecoats.jpeg; sourceTree = "<group>"; };
		22FA69451E133D24003CAFEF /* ExtUIImage.swift */ = {isa = PBXFileReference; fileEncoding = 4; lastKnownFileType = sourcecode.swift; path = ExtUIImage.swift; sourceTree = "<group>"; };
		22FA69461E133D24003CAFEF /* ExtUIImageView.swift */ = {isa = PBXFileReference; fileEncoding = 4; lastKnownFileType = sourcecode.swift; path = ExtUIImageView.swift; sourceTree = "<group>"; };
		22FA69491E13C641003CAFEF /* ContestPick.swift */ = {isa = PBXFileReference; fileEncoding = 4; lastKnownFileType = sourcecode.swift; path = ContestPick.swift; sourceTree = "<group>"; };
		22FA694B1E145C90003CAFEF /* Score.swift */ = {isa = PBXFileReference; fileEncoding = 4; lastKnownFileType = sourcecode.swift; path = Score.swift; sourceTree = "<group>"; };
		22FA694D1E145EA2003CAFEF /* CorpsScore.swift */ = {isa = PBXFileReference; fileEncoding = 4; lastKnownFileType = sourcecode.swift; path = CorpsScore.swift; sourceTree = "<group>"; };
		242284AB0ACFD824281F9DBB /* Pods-CorpsPicksTests.release.xcconfig */ = {isa = PBXFileReference; includeInIndex = 1; lastKnownFileType = text.xcconfig; name = "Pods-CorpsPicksTests.release.xcconfig"; path = "../Pods/Target Support Files/Pods-CorpsPicksTests/Pods-CorpsPicksTests.release.xcconfig"; sourceTree = "<group>"; };
		319B230EEA0D42603C530A90 /* Pods-CorpsPicks.debug.xcconfig */ = {isa = PBXFileReference; includeInIndex = 1; lastKnownFileType = text.xcconfig; name = "Pods-CorpsPicks.debug.xcconfig"; path = "../Pods/Target Support Files/Pods-CorpsPicks/Pods-CorpsPicks.debug.xcconfig"; sourceTree = "<group>"; };
		4F2628E076101F686E2A7E88 /* Pods_CorpsPicksTests.framework */ = {isa = PBXFileReference; explicitFileType = wrapper.framework; includeInIndex = 0; path = Pods_CorpsPicksTests.framework; sourceTree = BUILT_PRODUCTS_DIR; };
		5909963469B03EFCE2C17BDA /* Pods-CorpsPicksTests.debug.xcconfig */ = {isa = PBXFileReference; includeInIndex = 1; lastKnownFileType = text.xcconfig; name = "Pods-CorpsPicksTests.debug.xcconfig"; path = "../Pods/Target Support Files/Pods-CorpsPicksTests/Pods-CorpsPicksTests.debug.xcconfig"; sourceTree = "<group>"; };
		81055D661E594F6600FF8DCD /* EventInterface.swift */ = {isa = PBXFileReference; fileEncoding = 4; lastKnownFileType = sourcecode.swift; path = EventInterface.swift; sourceTree = "<group>"; };
		811B9B3F1E61042D0084E8AB /* CorpsInterface.swift */ = {isa = PBXFileReference; fileEncoding = 4; lastKnownFileType = sourcecode.swift; path = CorpsInterface.swift; sourceTree = "<group>"; };
		811B9B411E614BF80084E8AB /* StartupService.swift */ = {isa = PBXFileReference; fileEncoding = 4; lastKnownFileType = sourcecode.swift; path = StartupService.swift; sourceTree = "<group>"; };
		812F5BAF1E5A23BF009B068C /* EventView.swift */ = {isa = PBXFileReference; fileEncoding = 4; lastKnownFileType = sourcecode.swift; path = EventView.swift; sourceTree = "<group>"; };
		812F5BB11E5A255D009B068C /* EventViewModel.swift */ = {isa = PBXFileReference; fileEncoding = 4; lastKnownFileType = sourcecode.swift; path = EventViewModel.swift; sourceTree = "<group>"; };
		812F5BB31E5A25E6009B068C /* Event.swift */ = {isa = PBXFileReference; fileEncoding = 4; lastKnownFileType = sourcecode.swift; path = Event.swift; sourceTree = "<group>"; };
		812F5BB51E5A29A6009B068C /* EventRow.xib */ = {isa = PBXFileReference; fileEncoding = 4; lastKnownFileType = file.xib; path = EventRow.xib; sourceTree = "<group>"; };
		812F5BB61E5A29A6009B068C /* EventRow.swift */ = {isa = PBXFileReference; fileEncoding = 4; lastKnownFileType = sourcecode.swift; path = EventRow.swift; sourceTree = "<group>"; };
		812F5BB91E5A30B8009B068C /* CurrentStatus.swift */ = {isa = PBXFileReference; fileEncoding = 4; lastKnownFileType = sourcecode.swift; path = CurrentStatus.swift; sourceTree = "<group>"; };
		812F5BBD1E5A71A1009B068C /* ContestInterface.swift */ = {isa = PBXFileReference; fileEncoding = 4; lastKnownFileType = sourcecode.swift; path = ContestInterface.swift; sourceTree = "<group>"; };
		819C11BA1E8CD86C003A2781 /* LeaderboardView.swift */ = {isa = PBXFileReference; fileEncoding = 4; lastKnownFileType = sourcecode.swift; path = LeaderboardView.swift; sourceTree = "<group>"; };
		819C11BC1E8CDAC1003A2781 /* LeaderboardViewModel.swift */ = {isa = PBXFileReference; fileEncoding = 4; lastKnownFileType = sourcecode.swift; path = LeaderboardViewModel.swift; sourceTree = "<group>"; };
		81A493821E9B5C200010364A /* Leaderboard.swift */ = {isa = PBXFileReference; fileEncoding = 4; lastKnownFileType = sourcecode.swift; path = Leaderboard.swift; sourceTree = "<group>"; };
		81A493841E9B5E4B0010364A /* LeaderboardRow.swift */ = {isa = PBXFileReference; fileEncoding = 4; lastKnownFileType = sourcecode.swift; path = LeaderboardRow.swift; sourceTree = "<group>"; };
		81A493851E9B5E4B0010364A /* LeaderboardRow.xib */ = {isa = PBXFileReference; fileEncoding = 4; lastKnownFileType = file.xib; path = LeaderboardRow.xib; sourceTree = "<group>"; };
		81A493881E9DC2D80010364A /* UserScore.swift */ = {isa = PBXFileReference; fileEncoding = 4; lastKnownFileType = sourcecode.swift; path = UserScore.swift; sourceTree = "<group>"; };
		81A4938A1E9DC36A0010364A /* LeaderboardInterface.swift */ = {isa = PBXFileReference; fileEncoding = 4; lastKnownFileType = sourcecode.swift; path = LeaderboardInterface.swift; sourceTree = "<group>"; };
		81F12B431EBD84FC00A1681E /* GoogleService-Info.plist */ = {isa = PBXFileReference; fileEncoding = 4; lastKnownFileType = text.plist.xml; path = "GoogleService-Info.plist"; sourceTree = "<group>"; };
		81FBE9061E84D19E00A67A02 /* CurrentUser.swift */ = {isa = PBXFileReference; fileEncoding = 4; lastKnownFileType = sourcecode.swift; path = CurrentUser.swift; sourceTree = "<group>"; };
		B998BB0AEB8D9ACA72757E46 /* Pods-CorpsPicks.release.xcconfig */ = {isa = PBXFileReference; includeInIndex = 1; lastKnownFileType = text.xcconfig; name = "Pods-CorpsPicks.release.xcconfig"; path = "../Pods/Target Support Files/Pods-CorpsPicks/Pods-CorpsPicks.release.xcconfig"; sourceTree = "<group>"; };
		FA5321C5BAC1CD1D0A388782 /* Pods_CorpsPicks.framework */ = {isa = PBXFileReference; explicitFileType = wrapper.framework; includeInIndex = 0; path = Pods_CorpsPicks.framework; sourceTree = BUILT_PRODUCTS_DIR; };
/* End PBXFileReference section */

/* Begin PBXFrameworksBuildPhase section */
		22A0F4931E0D0BA400DD2F2D /* Frameworks */ = {
			isa = PBXFrameworksBuildPhase;
			buildActionMask = 2147483647;
			files = (
				D3A5F3F6D48D9AEC78BBEFF2 /* Pods_CorpsPicks.framework in Frameworks */,
			);
			runOnlyForDeploymentPostprocessing = 0;
		};
		22A0F4A91E0D0BA400DD2F2D /* Frameworks */ = {
			isa = PBXFrameworksBuildPhase;
			buildActionMask = 2147483647;
			files = (
				55E50D1CED783C98FAD2CDB9 /* Pods_CorpsPicksTests.framework in Frameworks */,
			);
			runOnlyForDeploymentPostprocessing = 0;
		};
		22A0F4B41E0D0BA500DD2F2D /* Frameworks */ = {
			isa = PBXFrameworksBuildPhase;
			buildActionMask = 2147483647;
			files = (
			);
			runOnlyForDeploymentPostprocessing = 0;
		};
/* End PBXFrameworksBuildPhase section */

/* Begin PBXGroup section */
		22A0F48D1E0D0BA400DD2F2D = {
			isa = PBXGroup;
			children = (
				22A0F4981E0D0BA400DD2F2D /* CorpsPicks */,
				22A0F4AF1E0D0BA400DD2F2D /* CorpsPicksTests */,
				22A0F4BA1E0D0BA500DD2F2D /* CorpsPicksUITests */,
				22A0F4971E0D0BA400DD2F2D /* Products */,
				FD5A7D7950D48F41C42CC5BA /* Pods */,
				A7618BD3FD97156551A860A9 /* Frameworks */,
			);
			sourceTree = "<group>";
		};
		22A0F4971E0D0BA400DD2F2D /* Products */ = {
			isa = PBXGroup;
			children = (
				22A0F4961E0D0BA400DD2F2D /* CorpsPicks.app */,
				22A0F4AC1E0D0BA400DD2F2D /* CorpsPicksTests.xctest */,
				22A0F4B71E0D0BA500DD2F2D /* CorpsPicksUITests.xctest */,
			);
			name = Products;
			sourceTree = "<group>";
		};
		22A0F4981E0D0BA400DD2F2D /* CorpsPicks */ = {
			isa = PBXGroup;
			children = (
				22A0F4991E0D0BA400DD2F2D /* AppDelegate.swift */,
				22A0F4C91E0D10B600DD2F2D /* Views */,
				22A0F4CA1E0D10C300DD2F2D /* ViewControllers */,
				22A0F4CB1E0D10D900DD2F2D /* ViewModels */,
				22A0F4CC1E0D110B00DD2F2D /* Interfaces */,
				22A0F4CD1E0D111600DD2F2D /* Models */,
				22A0F4CE1E0D169000DD2F2D /* Services */,
				22A0F4CF1E0D16A300DD2F2D /* Utility */,
				22A0F4A21E0D0BA400DD2F2D /* Assets.xcassets */,
				22A0F4D01E0D16B200DD2F2D /* Supporting Files */,
			);
			path = CorpsPicks;
			sourceTree = "<group>";
		};
		22A0F4AF1E0D0BA400DD2F2D /* CorpsPicksTests */ = {
			isa = PBXGroup;
			children = (
				22A0F4B01E0D0BA500DD2F2D /* CorpsPicksTests.swift */,
				22A0F4B21E0D0BA500DD2F2D /* Info.plist */,
			);
			path = CorpsPicksTests;
			sourceTree = "<group>";
		};
		22A0F4BA1E0D0BA500DD2F2D /* CorpsPicksUITests */ = {
			isa = PBXGroup;
			children = (
				22A0F4BB1E0D0BA500DD2F2D /* CorpsPicksUITests.swift */,
				22A0F4BD1E0D0BA500DD2F2D /* Info.plist */,
			);
			path = CorpsPicksUITests;
			sourceTree = "<group>";
		};
		22A0F4C91E0D10B600DD2F2D /* Views */ = {
			isa = PBXGroup;
			children = (
				22A0F49F1E0D0BA400DD2F2D /* Main.storyboard */,
				22A0F4A41E0D0BA400DD2F2D /* LaunchScreen.storyboard */,
				22A0F4E91E0D2A5500DD2F2D /* ContestRow.swift */,
				22A0F4EA1E0D2A5500DD2F2D /* ContestRow.xib */,
				812F5BB61E5A29A6009B068C /* EventRow.swift */,
				812F5BB51E5A29A6009B068C /* EventRow.xib */,
				81A493841E9B5E4B0010364A /* LeaderboardRow.swift */,
				81A493851E9B5E4B0010364A /* LeaderboardRow.xib */,
			);
			name = Views;
			sourceTree = "<group>";
		};
		22A0F4CA1E0D10C300DD2F2D /* ViewControllers */ = {
			isa = PBXGroup;
			children = (
				22FA69331E0E2986003CAFEF /* CPTopView.swift */,
				22A0F4E01E0D238F00DD2F2D /* ContestView.swift */,
				812F5BAF1E5A23BF009B068C /* EventView.swift */,
				819C11BA1E8CD86C003A2781 /* LeaderboardView.swift */,
			);
			name = ViewControllers;
			sourceTree = "<group>";
		};
		22A0F4CB1E0D10D900DD2F2D /* ViewModels */ = {
			isa = PBXGroup;
			children = (
				812F5BB91E5A30B8009B068C /* CurrentStatus.swift */,
				22A0F4E61E0D279C00DD2F2D /* CPViewModel.swift */,
				22A0F4E31E0D26A500DD2F2D /* ContestViewModel.swift */,
				812F5BB11E5A255D009B068C /* EventViewModel.swift */,
				819C11BC1E8CDAC1003A2781 /* LeaderboardViewModel.swift */,
			);
			name = ViewModels;
			sourceTree = "<group>";
		};
		22A0F4CC1E0D110B00DD2F2D /* Interfaces */ = {
			isa = PBXGroup;
			children = (
				812F5BBD1E5A71A1009B068C /* ContestInterface.swift */,
				811B9B3F1E61042D0084E8AB /* CorpsInterface.swift */,
				81055D661E594F6600FF8DCD /* EventInterface.swift */,
				81A4938A1E9DC36A0010364A /* LeaderboardInterface.swift */,
			);
			name = Interfaces;
			sourceTree = "<group>";
		};
		22A0F4CD1E0D111600DD2F2D /* Models */ = {
			isa = PBXGroup;
			children = (
				22A0F4D11E0D177400DD2F2D /* Corps.swift */,
				22FA694D1E145EA2003CAFEF /* CorpsScore.swift */,
				22FA69491E13C641003CAFEF /* ContestPick.swift */,
				81FBE9061E84D19E00A67A02 /* CurrentUser.swift */,
				812F5BB31E5A25E6009B068C /* Event.swift */,
				81A493821E9B5C200010364A /* Leaderboard.swift */,
				22A0F4D41E0D17F400DD2F2D /* Lineup.swift */,
				22FA694B1E145C90003CAFEF /* Score.swift */,
				22A0F4D71E0D1A5F00DD2F2D /* User.swift */,
				81A493881E9DC2D80010364A /* UserScore.swift */,
			);
			name = Models;
			sourceTree = "<group>";
		};
		22A0F4CE1E0D169000DD2F2D /* Services */ = {
			isa = PBXGroup;
			children = (
				811B9B411E614BF80084E8AB /* StartupService.swift */,
			);
			name = Services;
			sourceTree = "<group>";
		};
		22A0F4CF1E0D16A300DD2F2D /* Utility */ = {
			isa = PBXGroup;
			children = (
				22FA69441E133D0B003CAFEF /* Extensions */,
				22A0F4EF1E0D36D900DD2F2D /* Constants.swift */,
			);
			name = Utility;
			sourceTree = "<group>";
		};
		22A0F4D01E0D16B200DD2F2D /* Supporting Files */ = {
			isa = PBXGroup;
			children = (
				22FA69351E0E36AE003CAFEF /* images */,
				22A0F4A71E0D0BA400DD2F2D /* Info.plist */,
				81F12B431EBD84FC00A1681E /* GoogleService-Info.plist */,
			);
			name = "Supporting Files";
			sourceTree = "<group>";
		};
		22FA69351E0E36AE003CAFEF /* images */ = {
			isa = PBXGroup;
			children = (
				22FA69381E11BEB0003CAFEF /* crown.jpeg */,
				22FA69391E11BEB0003CAFEF /* crown2.jpg */,
				22FA693A1E11BEB0003CAFEF /* cavaliers.jpeg */,
				22FA693B1E11BEB0003CAFEF /* cadets.jpeg */,
				22FA693C1E11BEB0003CAFEF /* bluedevils.png */,
				22FA693D1E11BEB0003CAFEF /* bluecoats.jpeg */,
				22FA69361E0E36B8003CAFEF /* bd.jpg */,
			);
			name = images;
			sourceTree = "<group>";
		};
		22FA69441E133D0B003CAFEF /* Extensions */ = {
			isa = PBXGroup;
			children = (
				22FA69451E133D24003CAFEF /* ExtUIImage.swift */,
				22FA69461E133D24003CAFEF /* ExtUIImageView.swift */,
			);
			name = Extensions;
			sourceTree = "<group>";
		};
		A7618BD3FD97156551A860A9 /* Frameworks */ = {
			isa = PBXGroup;
			children = (
				FA5321C5BAC1CD1D0A388782 /* Pods_CorpsPicks.framework */,
				4F2628E076101F686E2A7E88 /* Pods_CorpsPicksTests.framework */,
			);
			name = Frameworks;
			sourceTree = "<group>";
		};
		FD5A7D7950D48F41C42CC5BA /* Pods */ = {
			isa = PBXGroup;
			children = (
				319B230EEA0D42603C530A90 /* Pods-CorpsPicks.debug.xcconfig */,
				B998BB0AEB8D9ACA72757E46 /* Pods-CorpsPicks.release.xcconfig */,
				5909963469B03EFCE2C17BDA /* Pods-CorpsPicksTests.debug.xcconfig */,
				242284AB0ACFD824281F9DBB /* Pods-CorpsPicksTests.release.xcconfig */,
			);
			name = Pods;
			sourceTree = "<group>";
		};
/* End PBXGroup section */

/* Begin PBXNativeTarget section */
		22A0F4951E0D0BA400DD2F2D /* CorpsPicks */ = {
			isa = PBXNativeTarget;
			buildConfigurationList = 22A0F4C01E0D0BA500DD2F2D /* Build configuration list for PBXNativeTarget "CorpsPicks" */;
			buildPhases = (
				55B167187770CCD028F12146 /* [CP] Check Pods Manifest.lock */,
				22A0F4921E0D0BA400DD2F2D /* Sources */,
				22A0F4931E0D0BA400DD2F2D /* Frameworks */,
				22A0F4941E0D0BA400DD2F2D /* Resources */,
				3BAE1935252725A496003468 /* [CP] Embed Pods Frameworks */,
				908B2EA3E42B740DCF02C56F /* [CP] Copy Pods Resources */,
			);
			buildRules = (
			);
			dependencies = (
			);
			name = CorpsPicks;
			productName = CorpsPicks;
			productReference = 22A0F4961E0D0BA400DD2F2D /* CorpsPicks.app */;
			productType = "com.apple.product-type.application";
		};
		22A0F4AB1E0D0BA400DD2F2D /* CorpsPicksTests */ = {
			isa = PBXNativeTarget;
			buildConfigurationList = 22A0F4C31E0D0BA500DD2F2D /* Build configuration list for PBXNativeTarget "CorpsPicksTests" */;
			buildPhases = (
				81D1F7DE69205A655325C02B /* [CP] Check Pods Manifest.lock */,
				22A0F4A81E0D0BA400DD2F2D /* Sources */,
				22A0F4A91E0D0BA400DD2F2D /* Frameworks */,
				22A0F4AA1E0D0BA400DD2F2D /* Resources */,
				D63F5A7D7F1993062B4A072B /* [CP] Embed Pods Frameworks */,
				77633F4D3D6E02584D20B17A /* [CP] Copy Pods Resources */,
			);
			buildRules = (
			);
			dependencies = (
				22A0F4AE1E0D0BA400DD2F2D /* PBXTargetDependency */,
			);
			name = CorpsPicksTests;
			productName = CorpsPicksTests;
			productReference = 22A0F4AC1E0D0BA400DD2F2D /* CorpsPicksTests.xctest */;
			productType = "com.apple.product-type.bundle.unit-test";
		};
		22A0F4B61E0D0BA500DD2F2D /* CorpsPicksUITests */ = {
			isa = PBXNativeTarget;
			buildConfigurationList = 22A0F4C61E0D0BA500DD2F2D /* Build configuration list for PBXNativeTarget "CorpsPicksUITests" */;
			buildPhases = (
				22A0F4B31E0D0BA500DD2F2D /* Sources */,
				22A0F4B41E0D0BA500DD2F2D /* Frameworks */,
				22A0F4B51E0D0BA500DD2F2D /* Resources */,
			);
			buildRules = (
			);
			dependencies = (
				22A0F4B91E0D0BA500DD2F2D /* PBXTargetDependency */,
			);
			name = CorpsPicksUITests;
			productName = CorpsPicksUITests;
			productReference = 22A0F4B71E0D0BA500DD2F2D /* CorpsPicksUITests.xctest */;
			productType = "com.apple.product-type.bundle.ui-testing";
		};
/* End PBXNativeTarget section */

/* Begin PBXProject section */
		22A0F48E1E0D0BA400DD2F2D /* Project object */ = {
			isa = PBXProject;
			attributes = {
				LastSwiftUpdateCheck = 0730;
				LastUpgradeCheck = 0730;
				ORGANIZATIONNAME = "Tim Brandt";
				TargetAttributes = {
					22A0F4951E0D0BA400DD2F2D = {
						CreatedOnToolsVersion = 7.3.1;
						LastSwiftMigration = 0820;
					};
					22A0F4AB1E0D0BA400DD2F2D = {
						CreatedOnToolsVersion = 7.3.1;
						LastSwiftMigration = 0820;
						TestTargetID = 22A0F4951E0D0BA400DD2F2D;
					};
					22A0F4B61E0D0BA500DD2F2D = {
						CreatedOnToolsVersion = 7.3.1;
						LastSwiftMigration = 0820;
						TestTargetID = 22A0F4951E0D0BA400DD2F2D;
					};
				};
			};
			buildConfigurationList = 22A0F4911E0D0BA400DD2F2D /* Build configuration list for PBXProject "CorpsPicks" */;
			compatibilityVersion = "Xcode 3.2";
			developmentRegion = English;
			hasScannedForEncodings = 0;
			knownRegions = (
				en,
				Base,
			);
			mainGroup = 22A0F48D1E0D0BA400DD2F2D;
			productRefGroup = 22A0F4971E0D0BA400DD2F2D /* Products */;
			projectDirPath = "";
			projectRoot = "";
			targets = (
				22A0F4951E0D0BA400DD2F2D /* CorpsPicks */,
				22A0F4AB1E0D0BA400DD2F2D /* CorpsPicksTests */,
				22A0F4B61E0D0BA500DD2F2D /* CorpsPicksUITests */,
			);
		};
/* End PBXProject section */

/* Begin PBXResourcesBuildPhase section */
		22A0F4941E0D0BA400DD2F2D /* Resources */ = {
			isa = PBXResourcesBuildPhase;
			buildActionMask = 2147483647;
			files = (
				22FA69421E11BEB1003CAFEF /* bluedevils.png in Resources */,
				22FA69371E0E36B8003CAFEF /* bd.jpg in Resources */,
				22A0F4A61E0D0BA400DD2F2D /* LaunchScreen.storyboard in Resources */,
				22FA69431E11BEB1003CAFEF /* bluecoats.jpeg in Resources */,
				22A0F4A31E0D0BA400DD2F2D /* Assets.xcassets in Resources */,
				22FA693E1E11BEB1003CAFEF /* crown.jpeg in Resources */,
				22FA69401E11BEB1003CAFEF /* cavaliers.jpeg in Resources */,
				81A493871E9B5E4B0010364A /* LeaderboardRow.xib in Resources */,
				22FA69411E11BEB1003CAFEF /* cadets.jpeg in Resources */,
				22A0F4ED1E0D2A5500DD2F2D /* ContestRow.xib in Resources */,
				22A0F4A11E0D0BA400DD2F2D /* Main.storyboard in Resources */,
				22FA693F1E11BEB1003CAFEF /* crown2.jpg in Resources */,
				812F5BB71E5A29A6009B068C /* EventRow.xib in Resources */,
				81F12B441EBD84FC00A1681E /* GoogleService-Info.plist in Resources */,
			);
			runOnlyForDeploymentPostprocessing = 0;
		};
		22A0F4AA1E0D0BA400DD2F2D /* Resources */ = {
			isa = PBXResourcesBuildPhase;
			buildActionMask = 2147483647;
			files = (
				22A0F4EE1E0D2A5500DD2F2D /* ContestRow.xib in Resources */,
			);
			runOnlyForDeploymentPostprocessing = 0;
		};
		22A0F4B51E0D0BA500DD2F2D /* Resources */ = {
			isa = PBXResourcesBuildPhase;
			buildActionMask = 2147483647;
			files = (
			);
			runOnlyForDeploymentPostprocessing = 0;
		};
/* End PBXResourcesBuildPhase section */

/* Begin PBXShellScriptBuildPhase section */
		3BAE1935252725A496003468 /* [CP] Embed Pods Frameworks */ = {
			isa = PBXShellScriptBuildPhase;
			buildActionMask = 2147483647;
			files = (
			);
			inputPaths = (
			);
			name = "[CP] Embed Pods Frameworks";
			outputPaths = (
			);
			runOnlyForDeploymentPostprocessing = 0;
			shellPath = /bin/sh;
			shellScript = "\"${SRCROOT}/../Pods/Target Support Files/Pods-CorpsPicks/Pods-CorpsPicks-frameworks.sh\"\n";
			showEnvVarsInLog = 0;
		};
		55B167187770CCD028F12146 /* [CP] Check Pods Manifest.lock */ = {
			isa = PBXShellScriptBuildPhase;
			buildActionMask = 2147483647;
			files = (
			);
			inputPaths = (
			);
			name = "[CP] Check Pods Manifest.lock";
			outputPaths = (
			);
			runOnlyForDeploymentPostprocessing = 0;
			shellPath = /bin/sh;
			shellScript = "diff \"${PODS_ROOT}/../Podfile.lock\" \"${PODS_ROOT}/Manifest.lock\" > /dev/null\nif [ $? != 0 ] ; then\n    # print error to STDERR\n    echo \"error: The sandbox is not in sync with the Podfile.lock. Run 'pod install' or update your CocoaPods installation.\" >&2\n    exit 1\nfi\n";
			showEnvVarsInLog = 0;
		};
		77633F4D3D6E02584D20B17A /* [CP] Copy Pods Resources */ = {
			isa = PBXShellScriptBuildPhase;
			buildActionMask = 2147483647;
			files = (
			);
			inputPaths = (
			);
			name = "[CP] Copy Pods Resources";
			outputPaths = (
			);
			runOnlyForDeploymentPostprocessing = 0;
			shellPath = /bin/sh;
			shellScript = "\"${SRCROOT}/../Pods/Target Support Files/Pods-CorpsPicksTests/Pods-CorpsPicksTests-resources.sh\"\n";
			showEnvVarsInLog = 0;
		};
		81D1F7DE69205A655325C02B /* [CP] Check Pods Manifest.lock */ = {
			isa = PBXShellScriptBuildPhase;
			buildActionMask = 2147483647;
			files = (
			);
			inputPaths = (
			);
			name = "[CP] Check Pods Manifest.lock";
			outputPaths = (
			);
			runOnlyForDeploymentPostprocessing = 0;
			shellPath = /bin/sh;
			shellScript = "diff \"${PODS_ROOT}/../Podfile.lock\" \"${PODS_ROOT}/Manifest.lock\" > /dev/null\nif [ $? != 0 ] ; then\n    # print error to STDERR\n    echo \"error: The sandbox is not in sync with the Podfile.lock. Run 'pod install' or update your CocoaPods installation.\" >&2\n    exit 1\nfi\n";
			showEnvVarsInLog = 0;
		};
		908B2EA3E42B740DCF02C56F /* [CP] Copy Pods Resources */ = {
			isa = PBXShellScriptBuildPhase;
			buildActionMask = 2147483647;
			files = (
			);
			inputPaths = (
			);
			name = "[CP] Copy Pods Resources";
			outputPaths = (
			);
			runOnlyForDeploymentPostprocessing = 0;
			shellPath = /bin/sh;
			shellScript = "\"${SRCROOT}/../Pods/Target Support Files/Pods-CorpsPicks/Pods-CorpsPicks-resources.sh\"\n";
			showEnvVarsInLog = 0;
		};
		D63F5A7D7F1993062B4A072B /* [CP] Embed Pods Frameworks */ = {
			isa = PBXShellScriptBuildPhase;
			buildActionMask = 2147483647;
			files = (
			);
			inputPaths = (
			);
			name = "[CP] Embed Pods Frameworks";
			outputPaths = (
			);
			runOnlyForDeploymentPostprocessing = 0;
			shellPath = /bin/sh;
			shellScript = "\"${SRCROOT}/../Pods/Target Support Files/Pods-CorpsPicksTests/Pods-CorpsPicksTests-frameworks.sh\"\n";
			showEnvVarsInLog = 0;
		};
/* End PBXShellScriptBuildPhase section */

/* Begin PBXSourcesBuildPhase section */
		22A0F4921E0D0BA400DD2F2D /* Sources */ = {
			isa = PBXSourcesBuildPhase;
			buildActionMask = 2147483647;
			files = (
				812F5BBE1E5A71A1009B068C /* ContestInterface.swift in Sources */,
				22A0F4D51E0D17F400DD2F2D /* Lineup.swift in Sources */,
				22A0F4F01E0D36D900DD2F2D /* Constants.swift in Sources */,
				811B9B421E614BF80084E8AB /* StartupService.swift in Sources */,
				22A0F4EB1E0D2A5500DD2F2D /* ContestRow.swift in Sources */,
				81A493861E9B5E4B0010364A /* LeaderboardRow.swift in Sources */,
				81FBE9071E84D19E00A67A02 /* CurrentUser.swift in Sources */,
				812F5BB01E5A23BF009B068C /* EventView.swift in Sources */,
				812F5BB81E5A29A6009B068C /* EventRow.swift in Sources */,
				812F5BB41E5A25E6009B068C /* Event.swift in Sources */,
				22FA69341E0E2986003CAFEF /* CPTopView.swift in Sources */,
				812F5BBA1E5A30B8009B068C /* CurrentStatus.swift in Sources */,
				22FA69481E133D24003CAFEF /* ExtUIImageView.swift in Sources */,
				819C11BB1E8CD86C003A2781 /* LeaderboardView.swift in Sources */,
				22FA694C1E145C90003CAFEF /* Score.swift in Sources */,
				812F5BB21E5A255D009B068C /* EventViewModel.swift in Sources */,
				22A0F4E71E0D279C00DD2F2D /* CPViewModel.swift in Sources */,
				81055D671E594F6600FF8DCD /* EventInterface.swift in Sources */,
				81A493831E9B5C200010364A /* Leaderboard.swift in Sources */,
				81A493891E9DC2D80010364A /* UserScore.swift in Sources */,
				22FA69471E133D24003CAFEF /* ExtUIImage.swift in Sources */,
				81A4938B1E9DC36A0010364A /* LeaderboardInterface.swift in Sources */,
				22A0F4D81E0D1A5F00DD2F2D /* User.swift in Sources */,
				22A0F4D21E0D177400DD2F2D /* Corps.swift in Sources */,
				22A0F4E11E0D238F00DD2F2D /* ContestView.swift in Sources */,
				22FA694A1E13C641003CAFEF /* ContestPick.swift in Sources */,
				819C11BD1E8CDAC1003A2781 /* LeaderboardViewModel.swift in Sources */,
				22FA694E1E145EA2003CAFEF /* CorpsScore.swift in Sources */,
				811B9B401E61042D0084E8AB /* CorpsInterface.swift in Sources */,
				22A0F49A1E0D0BA400DD2F2D /* AppDelegate.swift in Sources */,
				22A0F4E41E0D26A500DD2F2D /* ContestViewModel.swift in Sources */,
			);
			runOnlyForDeploymentPostprocessing = 0;
		};
		22A0F4A81E0D0BA400DD2F2D /* Sources */ = {
			isa = PBXSourcesBuildPhase;
			buildActionMask = 2147483647;
			files = (
				22A0F4F11E0D36D900DD2F2D /* Constants.swift in Sources */,
				22A0F4E21E0D238F00DD2F2D /* ContestView.swift in Sources */,
				22A0F4EC1E0D2A5500DD2F2D /* ContestRow.swift in Sources */,
				22A0F4D91E0D1A5F00DD2F2D /* User.swift in Sources */,
				22A0F4E81E0D279C00DD2F2D /* CPViewModel.swift in Sources */,
				22A0F4B11E0D0BA500DD2F2D /* CorpsPicksTests.swift in Sources */,
				22A0F4E51E0D26A500DD2F2D /* ContestViewModel.swift in Sources */,
				22A0F4D31E0D177400DD2F2D /* Corps.swift in Sources */,
				22A0F4D61E0D17F400DD2F2D /* Lineup.swift in Sources */,
			);
			runOnlyForDeploymentPostprocessing = 0;
		};
		22A0F4B31E0D0BA500DD2F2D /* Sources */ = {
			isa = PBXSourcesBuildPhase;
			buildActionMask = 2147483647;
			files = (
				22A0F4BC1E0D0BA500DD2F2D /* CorpsPicksUITests.swift in Sources */,
			);
			runOnlyForDeploymentPostprocessing = 0;
		};
/* End PBXSourcesBuildPhase section */

/* Begin PBXTargetDependency section */
		22A0F4AE1E0D0BA400DD2F2D /* PBXTargetDependency */ = {
			isa = PBXTargetDependency;
			target = 22A0F4951E0D0BA400DD2F2D /* CorpsPicks */;
			targetProxy = 22A0F4AD1E0D0BA400DD2F2D /* PBXContainerItemProxy */;
		};
		22A0F4B91E0D0BA500DD2F2D /* PBXTargetDependency */ = {
			isa = PBXTargetDependency;
			target = 22A0F4951E0D0BA400DD2F2D /* CorpsPicks */;
			targetProxy = 22A0F4B81E0D0BA500DD2F2D /* PBXContainerItemProxy */;
		};
/* End PBXTargetDependency section */

/* Begin PBXVariantGroup section */
		22A0F49F1E0D0BA400DD2F2D /* Main.storyboard */ = {
			isa = PBXVariantGroup;
			children = (
				22A0F4A01E0D0BA400DD2F2D /* Base */,
			);
			name = Main.storyboard;
			sourceTree = "<group>";
		};
		22A0F4A41E0D0BA400DD2F2D /* LaunchScreen.storyboard */ = {
			isa = PBXVariantGroup;
			children = (
				22A0F4A51E0D0BA400DD2F2D /* Base */,
			);
			name = LaunchScreen.storyboard;
			sourceTree = "<group>";
		};
/* End PBXVariantGroup section */

/* Begin XCBuildConfiguration section */
		22A0F4BE1E0D0BA500DD2F2D /* Debug */ = {
			isa = XCBuildConfiguration;
			buildSettings = {
				ALWAYS_SEARCH_USER_PATHS = NO;
				CLANG_ANALYZER_NONNULL = YES;
				CLANG_CXX_LANGUAGE_STANDARD = "gnu++0x";
				CLANG_CXX_LIBRARY = "libc++";
				CLANG_ENABLE_MODULES = YES;
				CLANG_ENABLE_OBJC_ARC = YES;
				CLANG_WARN_BOOL_CONVERSION = YES;
				CLANG_WARN_CONSTANT_CONVERSION = YES;
				CLANG_WARN_DIRECT_OBJC_ISA_USAGE = YES_ERROR;
				CLANG_WARN_EMPTY_BODY = YES;
				CLANG_WARN_ENUM_CONVERSION = YES;
				CLANG_WARN_INT_CONVERSION = YES;
				CLANG_WARN_OBJC_ROOT_CLASS = YES_ERROR;
				CLANG_WARN_UNREACHABLE_CODE = YES;
				CLANG_WARN__DUPLICATE_METHOD_MATCH = YES;
				"CODE_SIGN_IDENTITY[sdk=iphoneos*]" = "iPhone Developer";
				COPY_PHASE_STRIP = NO;
				DEBUG_INFORMATION_FORMAT = dwarf;
				ENABLE_STRICT_OBJC_MSGSEND = YES;
				ENABLE_TESTABILITY = YES;
				GCC_C_LANGUAGE_STANDARD = gnu99;
				GCC_DYNAMIC_NO_PIC = NO;
				GCC_NO_COMMON_BLOCKS = YES;
				GCC_OPTIMIZATION_LEVEL = 0;
				GCC_PREPROCESSOR_DEFINITIONS = (
					"DEBUG=1",
					"$(inherited)",
				);
				GCC_WARN_64_TO_32_BIT_CONVERSION = YES;
				GCC_WARN_ABOUT_RETURN_TYPE = YES_ERROR;
				GCC_WARN_UNDECLARED_SELECTOR = YES;
				GCC_WARN_UNINITIALIZED_AUTOS = YES_AGGRESSIVE;
				GCC_WARN_UNUSED_FUNCTION = YES;
				GCC_WARN_UNUSED_VARIABLE = YES;
				IPHONEOS_DEPLOYMENT_TARGET = 9.3;
				MTL_ENABLE_DEBUG_INFO = YES;
				ONLY_ACTIVE_ARCH = YES;
				SDKROOT = iphoneos;
				SWIFT_OPTIMIZATION_LEVEL = "-Onone";
				TARGETED_DEVICE_FAMILY = "1,2";
			};
			name = Debug;
		};
		22A0F4BF1E0D0BA500DD2F2D /* Release */ = {
			isa = XCBuildConfiguration;
			buildSettings = {
				ALWAYS_SEARCH_USER_PATHS = NO;
				CLANG_ANALYZER_NONNULL = YES;
				CLANG_CXX_LANGUAGE_STANDARD = "gnu++0x";
				CLANG_CXX_LIBRARY = "libc++";
				CLANG_ENABLE_MODULES = YES;
				CLANG_ENABLE_OBJC_ARC = YES;
				CLANG_WARN_BOOL_CONVERSION = YES;
				CLANG_WARN_CONSTANT_CONVERSION = YES;
				CLANG_WARN_DIRECT_OBJC_ISA_USAGE = YES_ERROR;
				CLANG_WARN_EMPTY_BODY = YES;
				CLANG_WARN_ENUM_CONVERSION = YES;
				CLANG_WARN_INT_CONVERSION = YES;
				CLANG_WARN_OBJC_ROOT_CLASS = YES_ERROR;
				CLANG_WARN_UNREACHABLE_CODE = YES;
				CLANG_WARN__DUPLICATE_METHOD_MATCH = YES;
				"CODE_SIGN_IDENTITY[sdk=iphoneos*]" = "iPhone Developer";
				COPY_PHASE_STRIP = NO;
				DEBUG_INFORMATION_FORMAT = "dwarf-with-dsym";
				ENABLE_NS_ASSERTIONS = NO;
				ENABLE_STRICT_OBJC_MSGSEND = YES;
				GCC_C_LANGUAGE_STANDARD = gnu99;
				GCC_NO_COMMON_BLOCKS = YES;
				GCC_WARN_64_TO_32_BIT_CONVERSION = YES;
				GCC_WARN_ABOUT_RETURN_TYPE = YES_ERROR;
				GCC_WARN_UNDECLARED_SELECTOR = YES;
				GCC_WARN_UNINITIALIZED_AUTOS = YES_AGGRESSIVE;
				GCC_WARN_UNUSED_FUNCTION = YES;
				GCC_WARN_UNUSED_VARIABLE = YES;
				IPHONEOS_DEPLOYMENT_TARGET = 9.3;
				MTL_ENABLE_DEBUG_INFO = NO;
				SDKROOT = iphoneos;
				TARGETED_DEVICE_FAMILY = "1,2";
				VALIDATE_PRODUCT = YES;
			};
			name = Release;
		};
		22A0F4C11E0D0BA500DD2F2D /* Debug */ = {
			isa = XCBuildConfiguration;
			baseConfigurationReference = 319B230EEA0D42603C530A90 /* Pods-CorpsPicks.debug.xcconfig */;
			buildSettings = {
				ASSETCATALOG_COMPILER_APPICON_NAME = AppIcon;
				INFOPLIST_FILE = CorpsPicks/Info.plist;
				LD_RUNPATH_SEARCH_PATHS = "$(inherited) @executable_path/Frameworks";
				PRODUCT_BUNDLE_IDENTIFIER = com.TimIos.CorpsPicks;
				PRODUCT_NAME = "$(TARGET_NAME)";
				SWIFT_VERSION = 3.0;
			};
			name = Debug;
		};
		22A0F4C21E0D0BA500DD2F2D /* Release */ = {
			isa = XCBuildConfiguration;
			baseConfigurationReference = B998BB0AEB8D9ACA72757E46 /* Pods-CorpsPicks.release.xcconfig */;
			buildSettings = {
				ASSETCATALOG_COMPILER_APPICON_NAME = AppIcon;
				INFOPLIST_FILE = CorpsPicks/Info.plist;
				LD_RUNPATH_SEARCH_PATHS = "$(inherited) @executable_path/Frameworks";
				PRODUCT_BUNDLE_IDENTIFIER = com.TimIos.CorpsPicks;
				PRODUCT_NAME = "$(TARGET_NAME)";
				SWIFT_VERSION = 3.0;
			};
			name = Release;
		};
		22A0F4C41E0D0BA500DD2F2D /* Debug */ = {
			isa = XCBuildConfiguration;
			baseConfigurationReference = 5909963469B03EFCE2C17BDA /* Pods-CorpsPicksTests.debug.xcconfig */;
			buildSettings = {
				BUNDLE_LOADER = "$(TEST_HOST)";
				INFOPLIST_FILE = CorpsPicksTests/Info.plist;
				LD_RUNPATH_SEARCH_PATHS = "$(inherited) @executable_path/Frameworks @loader_path/Frameworks";
				PRODUCT_BUNDLE_IDENTIFIER = com.BrandtApps.CorpsPicksTests;
				PRODUCT_NAME = "$(TARGET_NAME)";
				SWIFT_VERSION = 3.0;
				TEST_HOST = "$(BUILT_PRODUCTS_DIR)/CorpsPicks.app/CorpsPicks";
			};
			name = Debug;
		};
		22A0F4C51E0D0BA500DD2F2D /* Release */ = {
			isa = XCBuildConfiguration;
			baseConfigurationReference = 242284AB0ACFD824281F9DBB /* Pods-CorpsPicksTests.release.xcconfig */;
			buildSettings = {
				BUNDLE_LOADER = "$(TEST_HOST)";
				INFOPLIST_FILE = CorpsPicksTests/Info.plist;
				LD_RUNPATH_SEARCH_PATHS = "$(inherited) @executable_path/Frameworks @loader_path/Frameworks";
				PRODUCT_BUNDLE_IDENTIFIER = com.BrandtApps.CorpsPicksTests;
				PRODUCT_NAME = "$(TARGET_NAME)";
				SWIFT_VERSION = 3.0;
				TEST_HOST = "$(BUILT_PRODUCTS_DIR)/CorpsPicks.app/CorpsPicks";
			};
			name = Release;
		};
		22A0F4C71E0D0BA500DD2F2D /* Debug */ = {
			isa = XCBuildConfiguration;
			buildSettings = {
				INFOPLIST_FILE = CorpsPicksUITests/Info.plist;
				LD_RUNPATH_SEARCH_PATHS = "$(inherited) @executable_path/Frameworks @loader_path/Frameworks";
				PRODUCT_BUNDLE_IDENTIFIER = com.BrandtApps.CorpsPicksUITests;
				PRODUCT_NAME = "$(TARGET_NAME)";
				SWIFT_VERSION = 3.0;
				TEST_TARGET_NAME = CorpsPicks;
			};
			name = Debug;
		};
		22A0F4C81E0D0BA500DD2F2D /* Release */ = {
			isa = XCBuildConfiguration;
			buildSettings = {
				INFOPLIST_FILE = CorpsPicksUITests/Info.plist;
				LD_RUNPATH_SEARCH_PATHS = "$(inherited) @executable_path/Frameworks @loader_path/Frameworks";
				PRODUCT_BUNDLE_IDENTIFIER = com.BrandtApps.CorpsPicksUITests;
				PRODUCT_NAME = "$(TARGET_NAME)";
				SWIFT_VERSION = 3.0;
				TEST_TARGET_NAME = CorpsPicks;
			};
			name = Release;
		};
/* End XCBuildConfiguration section */

/* Begin XCConfigurationList section */
		22A0F4911E0D0BA400DD2F2D /* Build configuration list for PBXProject "CorpsPicks" */ = {
			isa = XCConfigurationList;
			buildConfigurations = (
				22A0F4BE1E0D0BA500DD2F2D /* Debug */,
				22A0F4BF1E0D0BA500DD2F2D /* Release */,
			);
			defaultConfigurationIsVisible = 0;
			defaultConfigurationName = Release;
		};
		22A0F4C01E0D0BA500DD2F2D /* Build configuration list for PBXNativeTarget "CorpsPicks" */ = {
			isa = XCConfigurationList;
			buildConfigurations = (
				22A0F4C11E0D0BA500DD2F2D /* Debug */,
				22A0F4C21E0D0BA500DD2F2D /* Release */,
			);
			defaultConfigurationIsVisible = 0;
			defaultConfigurationName = Release;
		};
		22A0F4C31E0D0BA500DD2F2D /* Build configuration list for PBXNativeTarget "CorpsPicksTests" */ = {
			isa = XCConfigurationList;
			buildConfigurations = (
				22A0F4C41E0D0BA500DD2F2D /* Debug */,
				22A0F4C51E0D0BA500DD2F2D /* Release */,
			);
			defaultConfigurationIsVisible = 0;
			defaultConfigurationName = Release;
		};
		22A0F4C61E0D0BA500DD2F2D /* Build configuration list for PBXNativeTarget "CorpsPicksUITests" */ = {
			isa = XCConfigurationList;
			buildConfigurations = (
				22A0F4C71E0D0BA500DD2F2D /* Debug */,
				22A0F4C81E0D0BA500DD2F2D /* Release */,
			);
			defaultConfigurationIsVisible = 0;
			defaultConfigurationName = Release;
		};
/* End XCConfigurationList section */
	};
	rootObject = 22A0F48E1E0D0BA400DD2F2D /* Project object */;
}
